# THIS IS AN AUTOGENERATED FILE. DO NOT EDIT THIS FILE DIRECTLY.
# yarn lockfile v1


abbrev@1:
  version "1.1.1"
  resolved "https://registry.yarnpkg.com/abbrev/-/abbrev-1.1.1.tgz#f8f2c887ad10bf67f634f005b6987fed3179aac8"

accessibility-developer-tools@^2.11.0:
  version "2.12.0"
  resolved "https://registry.yarnpkg.com/accessibility-developer-tools/-/accessibility-developer-tools-2.12.0.tgz#3da0cce9d6ec6373964b84f35db7cfc3df7ab514"

airbnb-prop-types@^2.10.0:
  version "2.10.0"
  resolved "https://registry.yarnpkg.com/airbnb-prop-types/-/airbnb-prop-types-2.10.0.tgz#c2da66a1d31c3dbe21c2fe8e758f774c718dd30d"
  dependencies:
    array.prototype.find "^2.0.4"
    function.prototype.name "^1.1.0"
    has "^1.0.1"
    is-regex "^1.0.4"
    object-is "^1.0.1"
    object.assign "^4.1.0"
    object.entries "^1.0.4"
    prop-types "^15.6.1"
    prop-types-exact "^1.1.2"

array.prototype.find@^2.0.4:
  version "2.0.4"
  resolved "https://registry.yarnpkg.com/array.prototype.find/-/array.prototype.find-2.0.4.tgz#556a5c5362c08648323ddaeb9de9d14bc1864c90"
  dependencies:
    define-properties "^1.1.2"
    es-abstract "^1.7.0"

asap@~2.0.3:
  version "2.0.6"
  resolved "https://registry.yarnpkg.com/asap/-/asap-2.0.6.tgz#e50347611d7e690943208bbdafebcbc2fb866d46"

attr-accept@^1.0.3:
  version "1.1.3"
  resolved "https://registry.yarnpkg.com/attr-accept/-/attr-accept-1.1.3.tgz#48230c79f93790ef2775fcec4f0db0f5db41ca52"
  dependencies:
    core-js "^2.5.0"

balanced-match@^1.0.0:
  version "1.0.0"
  resolved "https://registry.yarnpkg.com/balanced-match/-/balanced-match-1.0.0.tgz#89b4d199ab2bee49de164ea02b89ce462d71b767"

brace-expansion@^1.1.7:
  version "1.1.11"
  resolved "https://registry.yarnpkg.com/brace-expansion/-/brace-expansion-1.1.11.tgz#3c7fcbf529d87226f3d2f52b966ff5271eb441dd"
  dependencies:
    balanced-match "^1.0.0"
    concat-map "0.0.1"

cardinal-spline-js@^2.3.4:
  version "2.3.9"
  resolved "https://registry.yarnpkg.com/cardinal-spline-js/-/cardinal-spline-js-2.3.9.tgz#7e7cbbb4aad69a3ba1787cde82f63318e8b95d05"

concat-map@0.0.1:
  version "0.0.1"
  resolved "https://registry.yarnpkg.com/concat-map/-/concat-map-0.0.1.tgz#d8a96bd77fd68df7793a73036a3ba0d5405d477b"

"consolidated-events@^1.1.1 || ^2.0.0":
  version "2.0.2"
  resolved "https://registry.yarnpkg.com/consolidated-events/-/consolidated-events-2.0.2.tgz#da8d8f8c2b232831413d9e190dc11669c79f4a91"

core-js@^1.0.0:
  version "1.2.7"
  resolved "https://registry.yarnpkg.com/core-js/-/core-js-1.2.7.tgz#652294c14651db28fa93bd2d5ff2983a4f08c636"

core-js@^2.5.0:
  version "2.5.7"
  resolved "https://registry.yarnpkg.com/core-js/-/core-js-2.5.7.tgz#f972608ff0cead68b841a16a932d0b183791814e"

create-react-class@^15.6.0:
  version "15.6.3"
  resolved "https://registry.yarnpkg.com/create-react-class/-/create-react-class-15.6.3.tgz#2d73237fb3f970ae6ebe011a9e66f46dbca80036"
  dependencies:
    fbjs "^0.8.9"
    loose-envify "^1.3.1"
    object-assign "^4.1.1"

cropperjs@v1.0.0-rc.3:
  version "1.0.0-rc.3"
  resolved "https://registry.yarnpkg.com/cropperjs/-/cropperjs-1.0.0-rc.3.tgz#50a7c7611befc442702f845ede77d7df4572e82b"

debug@^2.2.0, debug@^2.6.8:
  version "2.6.9"
  resolved "https://registry.yarnpkg.com/debug/-/debug-2.6.9.tgz#5d128515df134ff327e90a4c93f4e077a536341f"
  dependencies:
    ms "2.0.0"

define-properties@^1.1.2:
  version "1.1.3"
  resolved "https://registry.yarnpkg.com/define-properties/-/define-properties-1.1.3.tgz#cf88da6cbee26fe6db7094f61d870cbd84cee9f1"
  dependencies:
    object-keys "^1.0.12"

devtron@^1.4.0:
  version "1.4.0"
  resolved "https://registry.yarnpkg.com/devtron/-/devtron-1.4.0.tgz#b5e748bd6e95bbe70bfcc68aae6fe696119441e1"
  dependencies:
    accessibility-developer-tools "^2.11.0"
    highlight.js "^9.3.0"
    humanize-plus "^1.8.1"

electron-debug@^1.1.0:
  version "1.5.0"
  resolved "https://registry.yarnpkg.com/electron-debug/-/electron-debug-1.5.0.tgz#d88c02146efb7fc5ae1b21eac56fbe4987eae50c"
  dependencies:
    electron-is-dev "^0.3.0"
    electron-localshortcut "^3.0.0"

electron-is-accelerator@^0.1.0:
  version "0.1.2"
  resolved "https://registry.yarnpkg.com/electron-is-accelerator/-/electron-is-accelerator-0.1.2.tgz#509e510c26a56b55e17f863a4b04e111846ab27b"

electron-is-dev@^0.3.0:
  version "0.3.0"
  resolved "https://registry.yarnpkg.com/electron-is-dev/-/electron-is-dev-0.3.0.tgz#14e6fda5c68e9e4ecbeff9ccf037cbd7c05c5afe"

electron-localshortcut@^3.0.0:
  version "3.1.0"
  resolved "https://registry.yarnpkg.com/electron-localshortcut/-/electron-localshortcut-3.1.0.tgz#10c1ffd537b8d39170aaf6e1551341f7780dd2ce"
  dependencies:
    debug "^2.6.8"
    electron-is-accelerator "^0.1.0"
    keyboardevent-from-electron-accelerator "^1.1.0"
    keyboardevents-areequal "^0.2.1"

electron-squirrel-startup@^1.0.0:
  version "1.0.0"
  resolved "https://registry.yarnpkg.com/electron-squirrel-startup/-/electron-squirrel-startup-1.0.0.tgz#19b4e55933fa0ef8f556784b9c660f772546a0b8"
  dependencies:
    debug "^2.2.0"

encoding@^0.1.11:
  version "0.1.12"
  resolved "https://registry.yarnpkg.com/encoding/-/encoding-0.1.12.tgz#538b66f3ee62cd1ab51ec323829d1f9480c74beb"
  dependencies:
    iconv-lite "~0.4.13"

es-abstract@^1.6.1, es-abstract@^1.7.0:
  version "1.12.0"
  resolved "https://registry.yarnpkg.com/es-abstract/-/es-abstract-1.12.0.tgz#9dbbdd27c6856f0001421ca18782d786bf8a6165"
  dependencies:
    es-to-primitive "^1.1.1"
    function-bind "^1.1.1"
    has "^1.0.1"
    is-callable "^1.1.3"
    is-regex "^1.0.4"

es-to-primitive@^1.1.1:
  version "1.1.1"
  resolved "https://registry.yarnpkg.com/es-to-primitive/-/es-to-primitive-1.1.1.tgz#45355248a88979034b6792e19bb81f2b7975dd0d"
  dependencies:
    is-callable "^1.1.1"
    is-date-object "^1.0.1"
    is-symbol "^1.0.1"

esrever@^0.2.0:
  version "0.2.0"
  resolved "https://registry.yarnpkg.com/esrever/-/esrever-0.2.0.tgz#96e9d28f4f1b1a76784cd5d490eaae010e7407b8"

fbjs@^0.8.9:
  version "0.8.17"
  resolved "https://registry.yarnpkg.com/fbjs/-/fbjs-0.8.17.tgz#c4d598ead6949112653d6588b01a5cdcd9f90fdd"
  dependencies:
    core-js "^1.0.0"
    isomorphic-fetch "^2.1.1"
    loose-envify "^1.0.0"
    object-assign "^4.1.0"
    promise "^7.1.1"
    setimmediate "^1.0.5"
    ua-parser-js "^0.7.18"

font-awesome@^4.7.0:
  version "4.7.0"
  resolved "https://registry.yarnpkg.com/font-awesome/-/font-awesome-4.7.0.tgz#8fa8cf0411a1a31afd07b06d2902bb9fc815a133"

fs.realpath@^1.0.0:
  version "1.0.0"
  resolved "https://registry.yarnpkg.com/fs.realpath/-/fs.realpath-1.0.0.tgz#1504ad2523158caa40db4a2787cb01411994ea4f"

function-bind@^1.1.0, function-bind@^1.1.1:
  version "1.1.1"
  resolved "https://registry.yarnpkg.com/function-bind/-/function-bind-1.1.1.tgz#a56899d3ea3c9bab874bb9773b7c5ede92f4895d"

function.prototype.name@^1.1.0:
  version "1.1.0"
  resolved "https://registry.yarnpkg.com/function.prototype.name/-/function.prototype.name-1.1.0.tgz#8bd763cc0af860a859cc5d49384d74b932cd2327"
  dependencies:
    define-properties "^1.1.2"
    function-bind "^1.1.1"
    is-callable "^1.1.3"

glob@^7.0.5:
  version "7.1.2"
  resolved "https://registry.yarnpkg.com/glob/-/glob-7.1.2.tgz#c19c9df9a028702d678612384a6552404c636d15"
  dependencies:
    fs.realpath "^1.0.0"
    inflight "^1.0.4"
    inherits "2"
    minimatch "^3.0.4"
    once "^1.3.0"
    path-is-absolute "^1.0.0"

has-symbols@^1.0.0:
  version "1.0.0"
  resolved "https://registry.yarnpkg.com/has-symbols/-/has-symbols-1.0.0.tgz#ba1a8f1af2a0fc39650f5c850367704122063b44"

has@^1.0.1, has@^1.0.3:
  version "1.0.3"
  resolved "https://registry.yarnpkg.com/has/-/has-1.0.3.tgz#722d7cbfc1f6aa8241f16dd814e011e1f41e8796"
  dependencies:
    function-bind "^1.1.1"

highlight.js@^9.3.0:
  version "9.12.0"
  resolved "https://registry.yarnpkg.com/highlight.js/-/highlight.js-9.12.0.tgz#e6d9dbe57cbefe60751f02af336195870c90c01e"

humanize-plus@^1.8.1:
  version "1.8.2"
  resolved "https://registry.yarnpkg.com/humanize-plus/-/humanize-plus-1.8.2.tgz#a65b34459ad6367adbb3707a82a3c9f916167030"

iconv-lite@~0.4.13:
  version "0.4.23"
  resolved "https://registry.yarnpkg.com/iconv-lite/-/iconv-lite-0.4.23.tgz#297871f63be507adcfbfca715d0cd0eed84e9a63"
  dependencies:
    safer-buffer ">= 2.1.2 < 3"

inflection@^1.8.0:
  version "1.12.0"
  resolved "https://registry.yarnpkg.com/inflection/-/inflection-1.12.0.tgz#a200935656d6f5f6bc4dc7502e1aecb703228416"

inflight@^1.0.4:
  version "1.0.6"
  resolved "https://registry.yarnpkg.com/inflight/-/inflight-1.0.6.tgz#49bd6331d7d02d0c09bc910a1075ba8165b56df9"
  dependencies:
    once "^1.3.0"
    wrappy "1"

inherits@2:
  version "2.0.3"
  resolved "https://registry.yarnpkg.com/inherits/-/inherits-2.0.3.tgz#633c2c83e3da42a502f52466022480f4208261de"

is-callable@^1.1.1, is-callable@^1.1.3:
  version "1.1.4"
  resolved "https://registry.yarnpkg.com/is-callable/-/is-callable-1.1.4.tgz#1e1adf219e1eeb684d691f9d6a05ff0d30a24d75"

is-date-object@^1.0.1:
  version "1.0.1"
  resolved "https://registry.yarnpkg.com/is-date-object/-/is-date-object-1.0.1.tgz#9aa20eb6aeebbff77fbd33e74ca01b33581d3a16"

is-regex@^1.0.4:
  version "1.0.4"
  resolved "https://registry.yarnpkg.com/is-regex/-/is-regex-1.0.4.tgz#5517489b547091b0930e095654ced25ee97e9491"
  dependencies:
    has "^1.0.1"

is-stream@^1.0.1:
  version "1.1.0"
  resolved "https://registry.yarnpkg.com/is-stream/-/is-stream-1.1.0.tgz#12d4a3dd4e68e0b79ceb8dbc84173ae80d91ca44"

is-symbol@^1.0.1:
  version "1.0.1"
  resolved "https://registry.yarnpkg.com/is-symbol/-/is-symbol-1.0.1.tgz#3cc59f00025194b6ab2e38dbae6689256b660572"

isomorphic-fetch@^2.1.1:
  version "2.2.1"
  resolved "https://registry.yarnpkg.com/isomorphic-fetch/-/isomorphic-fetch-2.2.1.tgz#611ae1acf14f5e81f729507472819fe9733558a9"
  dependencies:
    node-fetch "^1.0.1"
    whatwg-fetch ">=0.10.0"

jquery-ui@^1.12.1:
  version "1.12.1"
  resolved "https://registry.yarnpkg.com/jquery-ui/-/jquery-ui-1.12.1.tgz#bcb4045c8dd0539c134bc1488cdd3e768a7a9e51"

jquery@^3.2.1:
  version "3.3.1"
  resolved "https://registry.yarnpkg.com/jquery/-/jquery-3.3.1.tgz#958ce29e81c9790f31be7792df5d4d95fc57fbca"

"js-tokens@^3.0.0 || ^4.0.0":
  version "4.0.0"
  resolved "https://registry.yarnpkg.com/js-tokens/-/js-tokens-4.0.0.tgz#19203fb59991df98e3a287050d4647cdeaf32499"

keyboardevent-from-electron-accelerator@^1.1.0:
  version "1.1.0"
  resolved "https://registry.yarnpkg.com/keyboardevent-from-electron-accelerator/-/keyboardevent-from-electron-accelerator-1.1.0.tgz#324614f6e33490c37ffc5be5876b3e85fe223c84"

keyboardevents-areequal@^0.2.1:
  version "0.2.2"
  resolved "https://registry.yarnpkg.com/keyboardevents-areequal/-/keyboardevents-areequal-0.2.2.tgz#88191ec738ce9f7591c25e9056de928b40277194"

lodash@^4.0.1, lodash@^4.17.4:
  version "4.17.10"
  resolved "https://registry.yarnpkg.com/lodash/-/lodash-4.17.10.tgz#1b7793cf7259ea38fb3661d4d38b3260af8ae4e7"

loose-envify@^1.0.0, loose-envify@^1.1.0, loose-envify@^1.3.1:
  version "1.4.0"
  resolved "https://registry.yarnpkg.com/loose-envify/-/loose-envify-1.4.0.tgz#71ee51fa7be4caec1a63839f7e682d8132d30caf"
  dependencies:
    js-tokens "^3.0.0 || ^4.0.0"

markdown@^0.5.0:
  version "0.5.0"
  resolved "https://registry.yarnpkg.com/markdown/-/markdown-0.5.0.tgz#28205b565a8ae7592de207463d6637dc182722b2"
  dependencies:
    nopt "~2.1.1"

material-colors@^1.2.1:
  version "1.2.6"
  resolved "https://registry.yarnpkg.com/material-colors/-/material-colors-1.2.6.tgz#6d1958871126992ceecc72f4bcc4d8f010865f46"

minimatch@^3.0.4:
  version "3.0.4"
  resolved "https://registry.yarnpkg.com/minimatch/-/minimatch-3.0.4.tgz#5166e286457f03306064be5497e8dbb0c3d32083"
  dependencies:
    brace-expansion "^1.1.7"

ms@2.0.0:
  version "2.0.0"
  resolved "https://registry.yarnpkg.com/ms/-/ms-2.0.0.tgz#5608aeadfc00be6c2901df5f9861788de0d597c8"

node-fetch@^1.0.1:
  version "1.7.3"
  resolved "https://registry.yarnpkg.com/node-fetch/-/node-fetch-1.7.3.tgz#980f6f72d85211a5347c6b2bc18c5b84c3eb47ef"
  dependencies:
    encoding "^0.1.11"
    is-stream "^1.0.1"

nopt@~2.1.1:
  version "2.1.2"
  resolved "https://registry.yarnpkg.com/nopt/-/nopt-2.1.2.tgz#6cccd977b80132a07731d6e8ce58c2c8303cf9af"
  dependencies:
    abbrev "1"

object-assign@^4.1.0, object-assign@^4.1.1:
  version "4.1.1"
  resolved "https://registry.yarnpkg.com/object-assign/-/object-assign-4.1.1.tgz#2109adc7965887cfc05cbbd442cac8bfbb360863"

object-is@^1.0.1:
  version "1.0.1"
  resolved "https://registry.yarnpkg.com/object-is/-/object-is-1.0.1.tgz#0aa60ec9989a0b3ed795cf4d06f62cf1ad6539b6"

object-keys@^1.0.11, object-keys@^1.0.12:
  version "1.0.12"
  resolved "https://registry.yarnpkg.com/object-keys/-/object-keys-1.0.12.tgz#09c53855377575310cca62f55bb334abff7b3ed2"

object.assign@^4.1.0:
  version "4.1.0"
  resolved "https://registry.yarnpkg.com/object.assign/-/object.assign-4.1.0.tgz#968bf1100d7956bb3ca086f006f846b3bc4008da"
  dependencies:
    define-properties "^1.1.2"
    function-bind "^1.1.1"
    has-symbols "^1.0.0"
    object-keys "^1.0.11"

object.entries@^1.0.4:
  version "1.0.4"
  resolved "https://registry.yarnpkg.com/object.entries/-/object.entries-1.0.4.tgz#1bf9a4dd2288f5b33f3a993d257661f05d161a5f"
  dependencies:
    define-properties "^1.1.2"
    es-abstract "^1.6.1"
    function-bind "^1.1.0"
    has "^1.0.1"

object.values@^1.0.4:
  version "1.0.4"
  resolved "https://registry.yarnpkg.com/object.values/-/object.values-1.0.4.tgz#e524da09b4f66ff05df457546ec72ac99f13069a"
  dependencies:
    define-properties "^1.1.2"
    es-abstract "^1.6.1"
    function-bind "^1.1.0"
    has "^1.0.1"

once@^1.3.0:
  version "1.4.0"
  resolved "https://registry.yarnpkg.com/once/-/once-1.4.0.tgz#583b1aa775961d4b113ac17d9c50baef9dd76bd1"
  dependencies:
    wrappy "1"

opentype.js@^0.7.2:
  version "0.7.3"
  resolved "https://registry.yarnpkg.com/opentype.js/-/opentype.js-0.7.3.tgz#40fb8ce18bfd60e74448efdfe442834098397aab"
  dependencies:
    tiny-inflate "^1.0.2"

path-is-absolute@^1.0.0:
  version "1.0.1"
  resolved "https://registry.yarnpkg.com/path-is-absolute/-/path-is-absolute-1.0.1.tgz#174b9268735534ffbc7ace6bf53a5a9e1b5c5f5f"

promise@^7.1.1:
  version "7.3.1"
  resolved "https://registry.yarnpkg.com/promise/-/promise-7.3.1.tgz#064b72602b18f90f29192b8b1bc418ffd1ebd3bf"
  dependencies:
    asap "~2.0.3"

prop-types-exact@^1.1.2:
  version "1.2.0"
  resolved "https://registry.yarnpkg.com/prop-types-exact/-/prop-types-exact-1.2.0.tgz#825d6be46094663848237e3925a98c6e944e9869"
  dependencies:
    has "^1.0.3"
    object.assign "^4.1.0"
    reflect.ownkeys "^0.2.0"

prop-types@^15.5.10, prop-types@^15.5.7, prop-types@^15.5.8, prop-types@^15.6.1:
  version "15.6.2"
  resolved "https://registry.yarnpkg.com/prop-types/-/prop-types-15.6.2.tgz#05d5ca77b4453e985d60fc7ff8c859094a497102"
  dependencies:
    loose-envify "^1.3.1"
    object-assign "^4.1.1"

react-addons-test-utils@^15.6.0:
  version "15.6.2"
  resolved "https://registry.yarnpkg.com/react-addons-test-utils/-/react-addons-test-utils-15.6.2.tgz#c12b6efdc2247c10da7b8770d185080a7b047156"

react-color@^2.12.0:
  version "2.14.1"
  resolved "https://registry.yarnpkg.com/react-color/-/react-color-2.14.1.tgz#db8ad4f45d81e74896fc2e1c99508927c6d084e0"
  dependencies:
    lodash "^4.0.1"
    material-colors "^1.2.1"
    prop-types "^15.5.10"
    reactcss "^1.2.0"
    tinycolor2 "^1.4.1"

react-cropper@^1.0.1:
  version "1.0.1"
  resolved "https://registry.yarnpkg.com/react-cropper/-/react-cropper-1.0.1.tgz#6e5595abb8576088ab3e51ecfdcfe5f865d0340f"
  dependencies:
    cropperjs v1.0.0-rc.3
    prop-types "^15.5.8"

react-dom@^15.6.1:
  version "15.6.2"
  resolved "https://registry.yarnpkg.com/react-dom/-/react-dom-15.6.2.tgz#41cfadf693b757faf2708443a1d1fd5a02bef730"
  dependencies:
    fbjs "^0.8.9"
    loose-envify "^1.1.0"
    object-assign "^4.1.0"
    prop-types "^15.5.10"

react-dropzone@^3.13.2:
  version "3.13.4"
  resolved "https://registry.yarnpkg.com/react-dropzone/-/react-dropzone-3.13.4.tgz#84da26815c40339691c49b4544c2ef7a16912ccc"
  dependencies:
    attr-accept "^1.0.3"
    prop-types "^15.5.7"

react-outside-click-handler@^1.2.2:
  version "1.2.2"
  resolved "https://registry.yarnpkg.com/react-outside-click-handler/-/react-outside-click-handler-1.2.2.tgz#2c4609fbaacbfc192e269786d555419b115bf93f"
  dependencies:
    airbnb-prop-types "^2.10.0"
    consolidated-events "^1.1.1 || ^2.0.0"
    object.values "^1.0.4"
    prop-types "^15.6.1"

react-wavesurfer@^0.8.3:
  version "0.8.6"
  resolved "https://registry.yarnpkg.com/react-wavesurfer/-/react-wavesurfer-0.8.6.tgz#da05f3f501e566a63853f9babec45a5251111538"

react@^15.6.1:
  version "15.6.2"
  resolved "https://registry.yarnpkg.com/react/-/react-15.6.2.tgz#dba0434ab439cfe82f108f0f511663908179aa72"
  dependencies:
    create-react-class "^15.6.0"
    fbjs "^0.8.9"
    loose-envify "^1.1.0"
    object-assign "^4.1.0"
    prop-types "^15.5.10"

reactcss@^1.2.0:
  version "1.2.3"
  resolved "https://registry.yarnpkg.com/reactcss/-/reactcss-1.2.3.tgz#c00013875e557b1cf0dfd9a368a1c3dab3b548dd"
  dependencies:
    lodash "^4.0.1"

reflect.ownkeys@^0.2.0:
  version "0.2.0"
  resolved "https://registry.yarnpkg.com/reflect.ownkeys/-/reflect.ownkeys-0.2.0.tgz#749aceec7f3fdf8b63f927a04809e90c5c0b3460"

rimraf@^2.6.1:
  version "2.6.2"
  resolved "https://registry.yarnpkg.com/rimraf/-/rimraf-2.6.2.tgz#2ed8150d24a16ea8651e6d6ef0f47c4158ce7a36"
  dependencies:
    glob "^7.0.5"

"safer-buffer@>= 2.1.2 < 3":
  version "2.1.2"
  resolved "https://registry.yarnpkg.com/safer-buffer/-/safer-buffer-2.1.2.tgz#44fa161b0187b9549dd84bb91802f9bd8385cd6a"

setimmediate@^1.0.5:
  version "1.0.5"
  resolved "https://registry.yarnpkg.com/setimmediate/-/setimmediate-1.0.5.tgz#290cbb232e306942d7d7ea9b83732ab7856f8285"

tiny-inflate@^1.0.2:
  version "1.0.2"
  resolved "https://registry.yarnpkg.com/tiny-inflate/-/tiny-inflate-1.0.2.tgz#93d9decffc8805bd57eae4310f0b745e9b6fb3a7"

tinycolor2@^1.4.1:
  version "1.4.1"
  resolved "https://registry.yarnpkg.com/tinycolor2/-/tinycolor2-1.4.1.tgz#f4fad333447bc0b07d4dc8e9209d8f39a8ac77e8"

ua-parser-js@^0.7.18:
  version "0.7.18"
  resolved "https://registry.yarnpkg.com/ua-parser-js/-/ua-parser-js-0.7.18.tgz#a7bfd92f56edfb117083b69e31d2aa8882d4b1ed"

wavesurfer.js@^1.2.1:
  version "1.4.0"
  resolved "https://registry.yarnpkg.com/wavesurfer.js/-/wavesurfer.js-1.4.0.tgz#4dba66098e736615d963fa85c7476fbd7e09c565"

whatwg-fetch@>=0.10.0:
  version "2.0.4"
  resolved "https://registry.yarnpkg.com/whatwg-fetch/-/whatwg-fetch-2.0.4.tgz#dde6a5df315f9d39991aa17621853d720b85566f"

wrappy@1:
  version "1.0.2"
  resolved "https://registry.yarnpkg.com/wrappy/-/wrappy-1.0.2.tgz#b5243d8f3ec1aa35f1364605bc0d1036e30ab69f"
